
Microsoft Visual Studio Solution File, Format Version 12.00
# Visual Studio 2013
VisualStudioVersion = 12.0.21005.1
MinimumVisualStudioVersion = 10.0.40219.1
Project("{8BC9CEB8-8B4A-11D0-8D11-00A0C91BC942}") = "detekcija_lica", "detekcija_lica\detekcija_lica.vcxproj", "{22DA52A7-4B38-447F-A8D0-14444A220270}"
EndProject
Project("{8BC9CEB8-8B4A-11D0-8D11-00A0C91BC942}") = "detekcija_lica_GUI", "detekcija_lica_GUI\detekcija_lica_GUI.vcxproj", "{CC927DBA-300F-4A91-8967-21B92C4CE886}"
EndProject
Global
	GlobalSection(SolutionConfigurationPlatforms) = preSolution
		Debug|Win32 = Debug|Win32
		Release|Win32 = Release|Win32
	EndGlobalSection
	GlobalSection(ProjectConfigurationPlatforms) = postSolution
		{22DA52A7-4B38-447F-A8D0-14444A220270}.Debug|Win32.ActiveCfg = Debug|Win32
		{22DA52A7-4B38-447F-A8D0-14444A220270}.Debug|Win32.Build.0 = Debug|Win32
		{22DA52A7-4B38-447F-A8D0-14444A220270}.Release|Win32.ActiveCfg = Release|Win32
		{22DA52A7-4B38-447F-A8D0-14444A220270}.Release|Win32.Build.0 = Release|Win32
		{CC927DBA-300F-4A91-8967-21B92C4CE886}.Debug|Win32.ActiveCfg = Debug|Win32
		{CC927DBA-300F-4A91-8967-21B92C4CE886}.Debug|Win32.Build.0 = Debug|Win32
		{CC927DBA-300F-4A91-8967-21B92C4CE886}.Release|Win32.ActiveCfg = Release|Win32
		{CC927DBA-300F-4A91-8967-21B92C4CE886}.Release|Win32.Build.0 = Release|Win32
	EndGlobalSection
	GlobalSection(SolutionProperties) = preSolution
		HideSolutionNode = FALSE
	EndGlobalSection
EndGlobal
